// !$*UTF8*$!
{
	archiveVersion = 1;
	classes = {
	};
	objectVersion = 50;
	objects = {

/* Begin PBXBuildFile section */
		E746F8A8285796D5006E9121 /* ViewModel.swift in Sources */ = {isa = PBXBuildFile; fileRef = E746F8A7285796D5006E9121 /* ViewModel.swift */; };
		E746F8AB285797CB006E9121 /* TableViewViewModelType.swift in Sources */ = {isa = PBXBuildFile; fileRef = E746F8AA285797CB006E9121 /* TableViewViewModelType.swift */; };
		E746F8B52857ABBC006E9121 /* TableViewCellViewModelType.swift in Sources */ = {isa = PBXBuildFile; fileRef = E746F8B42857ABBC006E9121 /* TableViewCellViewModelType.swift */; };
		E746F8B82857AC91006E9121 /* TableViewCellViewModel.swift in Sources */ = {isa = PBXBuildFile; fileRef = E746F8B72857AC91006E9121 /* TableViewCellViewModel.swift */; };
		E746F8BC2857BA8D006E9121 /* DetailViewController.swift in Sources */ = {isa = PBXBuildFile; fileRef = E746F8BB2857BA8D006E9121 /* DetailViewController.swift */; };
		E746F8BF2857BB54006E9121 /* DetailViewModelType.swift in Sources */ = {isa = PBXBuildFile; fileRef = E746F8BE2857BB54006E9121 /* DetailViewModelType.swift */; };
		E746F8C22857BB87006E9121 /* DetailViewModel.swift in Sources */ = {isa = PBXBuildFile; fileRef = E746F8C12857BB87006E9121 /* DetailViewModel.swift */; };
		E749361428565D2700B8DEE7 /* AppDelegate.swift in Sources */ = {isa = PBXBuildFile; fileRef = E749361328565D2700B8DEE7 /* AppDelegate.swift */; };
		E749361628565D2700B8DEE7 /* SceneDelegate.swift in Sources */ = {isa = PBXBuildFile; fileRef = E749361528565D2700B8DEE7 /* SceneDelegate.swift */; };
		E749361B28565D2700B8DEE7 /* Main.storyboard in Resources */ = {isa = PBXBuildFile; fileRef = E749361928565D2700B8DEE7 /* Main.storyboard */; };
		E749361E28565D2700B8DEE7 /* MVVM_2.xcdatamodeld in Sources */ = {isa = PBXBuildFile; fileRef = E749361C28565D2700B8DEE7 /* MVVM_2.xcdatamodeld */; };
		E749362028565D3C00B8DEE7 /* Assets.xcassets in Resources */ = {isa = PBXBuildFile; fileRef = E749361F28565D3C00B8DEE7 /* Assets.xcassets */; };
		E749362328565D3C00B8DEE7 /* LaunchScreen.storyboard in Resources */ = {isa = PBXBuildFile; fileRef = E749362128565D3C00B8DEE7 /* LaunchScreen.storyboard */; };
		E749362D28565E8B00B8DEE7 /* TableViewController.swift in Sources */ = {isa = PBXBuildFile; fileRef = E749362C28565E8B00B8DEE7 /* TableViewController.swift */; };
		E74936302856672400B8DEE7 /* Profile.swift in Sources */ = {isa = PBXBuildFile; fileRef = E749362F2856672400B8DEE7 /* Profile.swift */; };
		E749363328566B5A00B8DEE7 /* TableViewCell.swift in Sources */ = {isa = PBXBuildFile; fileRef = E749363228566B5A00B8DEE7 /* TableViewCell.swift */; };
/* End PBXBuildFile section */

/* Begin PBXFileReference section */
		E746F8A7285796D5006E9121 /* ViewModel.swift */ = {isa = PBXFileReference; lastKnownFileType = sourcecode.swift; path = ViewModel.swift; sourceTree = "<group>"; };
		E746F8AA285797CB006E9121 /* TableViewViewModelType.swift */ = {isa = PBXFileReference; lastKnownFileType = sourcecode.swift; path = TableViewViewModelType.swift; sourceTree = "<group>"; };
		E746F8B42857ABBC006E9121 /* TableViewCellViewModelType.swift */ = {isa = PBXFileReference; lastKnownFileType = sourcecode.swift; path = TableViewCellViewModelType.swift; sourceTree = "<group>"; };
		E746F8B72857AC91006E9121 /* TableViewCellViewModel.swift */ = {isa = PBXFileReference; lastKnownFileType = sourcecode.swift; path = TableViewCellViewModel.swift; sourceTree = "<group>"; };
		E746F8BB2857BA8D006E9121 /* DetailViewController.swift */ = {isa = PBXFileReference; lastKnownFileType = sourcecode.swift; path = DetailViewController.swift; sourceTree = "<group>"; };
		E746F8BE2857BB54006E9121 /* DetailViewModelType.swift */ = {isa = PBXFileReference; lastKnownFileType = sourcecode.swift; path = DetailViewModelType.swift; sourceTree = "<group>"; };
		E746F8C12857BB87006E9121 /* DetailViewModel.swift */ = {isa = PBXFileReference; lastKnownFileType = sourcecode.swift; path = DetailViewModel.swift; sourceTree = "<group>"; };
		E749361028565D2700B8DEE7 /* MVVM-2.app */ = {isa = PBXFileReference; explicitFileType = wrapper.application; includeInIndex = 0; path = "MVVM-2.app"; sourceTree = BUILT_PRODUCTS_DIR; };
		E749361328565D2700B8DEE7 /* AppDelegate.swift */ = {isa = PBXFileReference; lastKnownFileType = sourcecode.swift; path = AppDelegate.swift; sourceTree = "<group>"; };
		E749361528565D2700B8DEE7 /* SceneDelegate.swift */ = {isa = PBXFileReference; lastKnownFileType = sourcecode.swift; path = SceneDelegate.swift; sourceTree = "<group>"; };
		E749361A28565D2700B8DEE7 /* Base */ = {isa = PBXFileReference; lastKnownFileType = file.storyboard; name = Base; path = Base.lproj/Main.storyboard; sourceTree = "<group>"; };
		E749361D28565D2700B8DEE7 /* MVVM_2.xcdatamodel */ = {isa = PBXFileReference; lastKnownFileType = wrapper.xcdatamodel; path = MVVM_2.xcdatamodel; sourceTree = "<group>"; };
		E749361F28565D3C00B8DEE7 /* Assets.xcassets */ = {isa = PBXFileReference; lastKnownFileType = folder.assetcatalog; path = Assets.xcassets; sourceTree = "<group>"; };
		E749362228565D3C00B8DEE7 /* Base */ = {isa = PBXFileReference; lastKnownFileType = file.storyboard; name = Base; path = Base.lproj/LaunchScreen.storyboard; sourceTree = "<group>"; };
		E749362428565D3C00B8DEE7 /* Info.plist */ = {isa = PBXFileReference; lastKnownFileType = text.plist.xml; path = Info.plist; sourceTree = "<group>"; };
		E749362C28565E8B00B8DEE7 /* TableViewController.swift */ = {isa = PBXFileReference; lastKnownFileType = sourcecode.swift; path = TableViewController.swift; sourceTree = "<group>"; };
		E749362F2856672400B8DEE7 /* Profile.swift */ = {isa = PBXFileReference; lastKnownFileType = sourcecode.swift; path = Profile.swift; sourceTree = "<group>"; };
		E749363228566B5A00B8DEE7 /* TableViewCell.swift */ = {isa = PBXFileReference; lastKnownFileType = sourcecode.swift; path = TableViewCell.swift; sourceTree = "<group>"; };
/* End PBXFileReference section */

/* Begin PBXFrameworksBuildPhase section */
		E749360D28565D2700B8DEE7 /* Frameworks */ = {
			isa = PBXFrameworksBuildPhase;
			buildActionMask = 2147483647;
			files = (
			);
			runOnlyForDeploymentPostprocessing = 0;
		};
/* End PBXFrameworksBuildPhase section */

/* Begin PBXGroup section */
		E746F8AD28579849006E9121 /* ViewModel */ = {
			isa = PBXGroup;
			children = (
				E746F8A7285796D5006E9121 /* ViewModel.swift */,
				E746F8B72857AC91006E9121 /* TableViewCellViewModel.swift */,
				E746F8C12857BB87006E9121 /* DetailViewModel.swift */,
			);
			path = ViewModel;
			sourceTree = "<group>";
		};
		E746F8AF28579853006E9121 /* Protocols */ = {
			isa = PBXGroup;
			children = (
				E746F8AA285797CB006E9121 /* TableViewViewModelType.swift */,
				E746F8B42857ABBC006E9121 /* TableViewCellViewModelType.swift */,
				E746F8BE2857BB54006E9121 /* DetailViewModelType.swift */,
			);
			path = Protocols;
			sourceTree = "<group>";
		};
		E749360728565D2700B8DEE7 = {
			isa = PBXGroup;
			children = (
				E749361228565D2700B8DEE7 /* MVVM-2 */,
				E749361128565D2700B8DEE7 /* Products */,
			);
			sourceTree = "<group>";
		};
		E749361128565D2700B8DEE7 /* Products */ = {
			isa = PBXGroup;
			children = (
				E749361028565D2700B8DEE7 /* MVVM-2.app */,
			);
			name = Products;
			sourceTree = "<group>";
		};
		E749361228565D2700B8DEE7 /* MVVM-2 */ = {
			isa = PBXGroup;
			children = (
				E749361328565D2700B8DEE7 /* AppDelegate.swift */,
				E749361528565D2700B8DEE7 /* SceneDelegate.swift */,
				E746F8AD28579849006E9121 /* ViewModel */,
				E746F8AF28579853006E9121 /* Protocols */,
				E749363528566E6300B8DEE7 /* Model */,
				E749363628566E7200B8DEE7 /* View */,
				E749361928565D2700B8DEE7 /* Main.storyboard */,
				E749361F28565D3C00B8DEE7 /* Assets.xcassets */,
				E749362128565D3C00B8DEE7 /* LaunchScreen.storyboard */,
				E749362428565D3C00B8DEE7 /* Info.plist */,
				E749361C28565D2700B8DEE7 /* MVVM_2.xcdatamodeld */,
			);
			path = "MVVM-2";
			sourceTree = "<group>";
		};
		E749363528566E6300B8DEE7 /* Model */ = {
			isa = PBXGroup;
			children = (
				E749362F2856672400B8DEE7 /* Profile.swift */,
			);
			path = Model;
			sourceTree = "<group>";
		};
		E749363628566E7200B8DEE7 /* View */ = {
			isa = PBXGroup;
			children = (
				E749362C28565E8B00B8DEE7 /* TableViewController.swift */,
				E749363228566B5A00B8DEE7 /* TableViewCell.swift */,
				E746F8BB2857BA8D006E9121 /* DetailViewController.swift */,
			);
			path = View;
			sourceTree = "<group>";
		};
/* End PBXGroup section */

/* Begin PBXNativeTarget section */
		E749360F28565D2700B8DEE7 /* MVVM-2 */ = {
			isa = PBXNativeTarget;
			buildConfigurationList = E749362728565D3C00B8DEE7 /* Build configuration list for PBXNativeTarget "MVVM-2" */;
			buildPhases = (
				E749360C28565D2700B8DEE7 /* Sources */,
				E749360D28565D2700B8DEE7 /* Frameworks */,
				E749360E28565D2700B8DEE7 /* Resources */,
			);
			buildRules = (
			);
			dependencies = (
			);
			name = "MVVM-2";
			productName = "MVVM-2";
			productReference = E749361028565D2700B8DEE7 /* MVVM-2.app */;
			productType = "com.apple.product-type.application";
		};
/* End PBXNativeTarget section */

/* Begin PBXProject section */
		E749360828565D2700B8DEE7 /* Project object */ = {
			isa = PBXProject;
			attributes = {
				LastSwiftUpdateCheck = 1240;
				LastUpgradeCheck = 1240;
				TargetAttributes = {
					E749360F28565D2700B8DEE7 = {
						CreatedOnToolsVersion = 12.4;
					};
				};
			};
			buildConfigurationList = E749360B28565D2700B8DEE7 /* Build configuration list for PBXProject "MVVM-2" */;
			compatibilityVersion = "Xcode 9.3";
			developmentRegion = en;
			hasScannedForEncodings = 0;
			knownRegions = (
				en,
				Base,
			);
			mainGroup = E749360728565D2700B8DEE7;
			productRefGroup = E749361128565D2700B8DEE7 /* Products */;
			projectDirPath = "";
			projectRoot = "";
			targets = (
				E749360F28565D2700B8DEE7 /* MVVM-2 */,
			);
		};
/* End PBXProject section */

/* Begin PBXResourcesBuildPhase section */
		E749360E28565D2700B8DEE7 /* Resources */ = {
			isa = PBXResourcesBuildPhase;
			buildActionMask = 2147483647;
			files = (
				E749362328565D3C00B8DEE7 /* LaunchScreen.storyboard in Resources */,
				E749362028565D3C00B8DEE7 /* Assets.xcassets in Resources */,
				E749361B28565D2700B8DEE7 /* Main.storyboard in Resources */,
			);
			runOnlyForDeploymentPostprocessing = 0;
		};
/* End PBXResourcesBuildPhase section */

/* Begin PBXSourcesBuildPhase section */
		E749360C28565D2700B8DEE7 /* Sources */ = {
			isa = PBXSourcesBuildPhase;
			buildActionMask = 2147483647;
			files = (
				E746F8BC2857BA8D006E9121 /* DetailViewController.swift in Sources */,
				E746F8B82857AC91006E9121 /* TableViewCellViewModel.swift in Sources */,
				E749361428565D2700B8DEE7 /* AppDelegate.swift in Sources */,
				E746F8AB285797CB006E9121 /* TableViewViewModelType.swift in Sources */,
				E74936302856672400B8DEE7 /* Profile.swift in Sources */,
				E749361E28565D2700B8DEE7 /* MVVM_2.xcdatamodeld in Sources */,
				E749363328566B5A00B8DEE7 /* TableViewCell.swift in Sources */,
				E749361628565D2700B8DEE7 /* SceneDelegate.swift in Sources */,
				E749362D28565E8B00B8DEE7 /* TableViewController.swift in Sources */,
				E746F8C22857BB87006E9121 /* DetailViewModel.swift in Sources */,
				E746F8BF2857BB54006E9121 /* DetailViewModelType.swift in Sources */,
				E746F8B52857ABBC006E9121 /* TableViewCellViewModelType.swift in Sources */,
				E746F8A8285796D5006E9121 /* ViewModel.swift in Sources */,
			);
			runOnlyForDeploymentPostprocessing = 0;
		};
/* End PBXSourcesBuildPhase section */

/* Begin PBXVariantGroup section */
		E749361928565D2700B8DEE7 /* Main.storyboard */ = {
			isa = PBXVariantGroup;
			children = (
				E749361A28565D2700B8DEE7 /* Base */,
			);
			name = Main.storyboard;
			sourceTree = "<group>";
		};
		E749362128565D3C00B8DEE7 /* LaunchScreen.storyboard */ = {
			isa = PBXVariantGroup;
			children = (
				E749362228565D3C00B8DEE7 /* Base */,
			);
			name = LaunchScreen.storyboard;
			sourceTree = "<group>";
		};
/* End PBXVariantGroup section */

/* Begin XCBuildConfiguration section */
		E749362528565D3C00B8DEE7 /* Debug */ = {
			isa = XCBuildConfiguration;
			buildSettings = {
				ALWAYS_SEARCH_USER_PATHS = NO;
				CLANG_ANALYZER_NONNULL = YES;
				CLANG_ANALYZER_NUMBER_OBJECT_CONVERSION = YES_AGGRESSIVE;
				CLANG_CXX_LANGUAGE_STANDARD = "gnu++14";
				CLANG_CXX_LIBRARY = "libc++";
				CLANG_ENABLE_MODULES = YES;
				CLANG_ENABLE_OBJC_ARC = YES;
				CLANG_ENABLE_OBJC_WEAK = YES;
				CLANG_WARN_BLOCK_CAPTURE_AUTORELEASING = YES;
				CLANG_WARN_BOOL_CONVERSION = YES;
				CLANG_WARN_COMMA = YES;
				CLANG_WARN_CONSTANT_CONVERSION = YES;
				CLANG_WARN_DEPRECATED_OBJC_IMPLEMENTATIONS = YES;
				CLANG_WARN_DIRECT_OBJC_ISA_USAGE = YES_ERROR;
				CLANG_WARN_DOCUMENTATION_COMMENTS = YES;
				CLANG_WARN_EMPTY_BODY = YES;
				CLANG_WARN_ENUM_CONVERSION = YES;
				CLANG_WARN_INFINITE_RECURSION = YES;
				CLANG_WARN_INT_CONVERSION = YES;
				CLANG_WARN_NON_LITERAL_NULL_CONVERSION = YES;
				CLANG_WARN_OBJC_IMPLICIT_RETAIN_SELF = YES;
				CLANG_WARN_OBJC_LITERAL_CONVERSION = YES;
				CLANG_WARN_OBJC_ROOT_CLASS = YES_ERROR;
				CLANG_WARN_QUOTED_INCLUDE_IN_FRAMEWORK_HEADER = YES;
				CLANG_WARN_RANGE_LOOP_ANALYSIS = YES;
				CLANG_WARN_STRICT_PROTOTYPES = YES;
				CLANG_WARN_SUSPICIOUS_MOVE = YES;
				CLANG_WARN_UNGUARDED_AVAILABILITY = YES_AGGRESSIVE;
				CLANG_WARN_UNREACHABLE_CODE = YES;
				CLANG_WARN__DUPLICATE_METHOD_MATCH = YES;
				COPY_PHASE_STRIP = NO;
				DEBUG_INFORMATION_FORMAT = dwarf;
				ENABLE_STRICT_OBJC_MSGSEND = YES;
				ENABLE_TESTABILITY = YES;
				GCC_C_LANGUAGE_STANDARD = gnu11;
				GCC_DYNAMIC_NO_PIC = NO;
				GCC_NO_COMMON_BLOCKS = YES;
				GCC_OPTIMIZATION_LEVEL = 0;
				GCC_PREPROCESSOR_DEFINITIONS = (
					"DEBUG=1",
					"$(inherited)",
				);
				GCC_WARN_64_TO_32_BIT_CONVERSION = YES;
				GCC_WARN_ABOUT_RETURN_TYPE = YES_ERROR;
				GCC_WARN_UNDECLARED_SELECTOR = YES;
				GCC_WARN_UNINITIALIZED_AUTOS = YES_AGGRESSIVE;
				GCC_WARN_UNUSED_FUNCTION = YES;
				GCC_WARN_UNUSED_VARIABLE = YES;
				IPHONEOS_DEPLOYMENT_TARGET = 14.4;
				MTL_ENABLE_DEBUG_INFO = INCLUDE_SOURCE;
				MTL_FAST_MATH = YES;
				ONLY_ACTIVE_ARCH = YES;
				SDKROOT = iphoneos;
				SWIFT_ACTIVE_COMPILATION_CONDITIONS = DEBUG;
				SWIFT_OPTIMIZATION_LEVEL = "-Onone";
			};
			name = Debug;
		};
		E749362628565D3C00B8DEE7 /* Release */ = {
			isa = XCBuildConfiguration;
			buildSettings = {
				ALWAYS_SEARCH_USER_PATHS = NO;
				CLANG_ANALYZER_NONNULL = YES;
				CLANG_ANALYZER_NUMBER_OBJECT_CONVERSION = YES_AGGRESSIVE;
				CLANG_CXX_LANGUAGE_STANDARD = "gnu++14";
				CLANG_CXX_LIBRARY = "libc++";
				CLANG_ENABLE_MODULES = YES;
				CLANG_ENABLE_OBJC_ARC = YES;
				CLANG_ENABLE_OBJC_WEAK = YES;
				CLANG_WARN_BLOCK_CAPTURE_AUTORELEASING = YES;
				CLANG_WARN_BOOL_CONVERSION = YES;
				CLANG_WARN_COMMA = YES;
				CLANG_WARN_CONSTANT_CONVERSION = YES;
				CLANG_WARN_DEPRECATED_OBJC_IMPLEMENTATIONS = YES;
				CLANG_WARN_DIRECT_OBJC_ISA_USAGE = YES_ERROR;
				CLANG_WARN_DOCUMENTATION_COMMENTS = YES;
				CLANG_WARN_EMPTY_BODY = YES;
				CLANG_WARN_ENUM_CONVERSION = YES;
				CLANG_WARN_INFINITE_RECURSION = YES;
				CLANG_WARN_INT_CONVERSION = YES;
				CLANG_WARN_NON_LITERAL_NULL_CONVERSION = YES;
				CLANG_WARN_OBJC_IMPLICIT_RETAIN_SELF = YES;
				CLANG_WARN_OBJC_LITERAL_CONVERSION = YES;
				CLANG_WARN_OBJC_ROOT_CLASS = YES_ERROR;
				CLANG_WARN_QUOTED_INCLUDE_IN_FRAMEWORK_HEADER = YES;
				CLANG_WARN_RANGE_LOOP_ANALYSIS = YES;
				CLANG_WARN_STRICT_PROTOTYPES = YES;
				CLANG_WARN_SUSPICIOUS_MOVE = YES;
				CLANG_WARN_UNGUARDED_AVAILABILITY = YES_AGGRESSIVE;
				CLANG_WARN_UNREACHABLE_CODE = YES;
				CLANG_WARN__DUPLICATE_METHOD_MATCH = YES;
				COPY_PHASE_STRIP = NO;
				DEBUG_INFORMATION_FORMAT = "dwarf-with-dsym";
				ENABLE_NS_ASSERTIONS = NO;
				ENABLE_STRICT_OBJC_MSGSEND = YES;
				GCC_C_LANGUAGE_STANDARD = gnu11;
				GCC_NO_COMMON_BLOCKS = YES;
				GCC_WARN_64_TO_32_BIT_CONVERSION = YES;
				GCC_WARN_ABOUT_RETURN_TYPE = YES_ERROR;
				GCC_WARN_UNDECLARED_SELECTOR = YES;
				GCC_WARN_UNINITIALIZED_AUTOS = YES_AGGRESSIVE;
				GCC_WARN_UNUSED_FUNCTION = YES;
				GCC_WARN_UNUSED_VARIABLE = YES;
				IPHONEOS_DEPLOYMENT_TARGET = 14.4;
				MTL_ENABLE_DEBUG_INFO = NO;
				MTL_FAST_MATH = YES;
				SDKROOT = iphoneos;
				SWIFT_COMPILATION_MODE = wholemodule;
				SWIFT_OPTIMIZATION_LEVEL = "-O";
				VALIDATE_PRODUCT = YES;
			};
			name = Release;
		};
		E749362828565D3C00B8DEE7 /* Debug */ = {
			isa = XCBuildConfiguration;
			buildSettings = {
				ASSETCATALOG_COMPILER_APPICON_NAME = AppIcon;
				ASSETCATALOG_COMPILER_GLOBAL_ACCENT_COLOR_NAME = AccentColor;
				CODE_SIGN_STYLE = Automatic;
				DEVELOPMENT_TEAM = K79KHUW8KA;
				INFOPLIST_FILE = "MVVM-2/Info.plist";
				LD_RUNPATH_SEARCH_PATHS = (
					"$(inherited)",
					"@executable_path/Frameworks",
				);
				PRODUCT_BUNDLE_IDENTIFIER = "com.example.MVVM-2";
				PRODUCT_NAME = "$(TARGET_NAME)";
				SWIFT_VERSION = 5.0;
				TARGETED_DEVICE_FAMILY = "1,2";
			};
			name = Debug;
		};
		E749362928565D3C00B8DEE7 /* Release */ = {
			isa = XCBuildConfiguration;
			buildSettings = {
				ASSETCATALOG_COMPILER_APPICON_NAME = AppIcon;
				ASSETCATALOG_COMPILER_GLOBAL_ACCENT_COLOR_NAME = AccentColor;
				CODE_SIGN_STYLE = Automatic;
				DEVELOPMENT_TEAM = K79KHUW8KA;
				INFOPLIST_FILE = "MVVM-2/Info.plist";
				LD_RUNPATH_SEARCH_PATHS = (
					"$(inherited)",
					"@executable_path/Frameworks",
				);
				PRODUCT_BUNDLE_IDENTIFIER = "com.example.MVVM-2";
				PRODUCT_NAME = "$(TARGET_NAME)";
				SWIFT_VERSION = 5.0;
				TARGETED_DEVICE_FAMILY = "1,2";
			};
			name = Release;
		};
/* End XCBuildConfiguration section */

/* Begin XCConfigurationList section */
		E749360B28565D2700B8DEE7 /* Build configuration list for PBXProject "MVVM-2" */ = {
			isa = XCConfigurationList;
			buildConfigurations = (
				E749362528565D3C00B8DEE7 /* Debug */,
				E749362628565D3C00B8DEE7 /* Release */,
			);
			defaultConfigurationIsVisible = 0;
			defaultConfigurationName = Release;
		};
		E749362728565D3C00B8DEE7 /* Build configuration list for PBXNativeTarget "MVVM-2" */ = {
			isa = XCConfigurationList;
			buildConfigurations = (
				E749362828565D3C00B8DEE7 /* Debug */,
				E749362928565D3C00B8DEE7 /* Release */,
			);
			defaultConfigurationIsVisible = 0;
			defaultConfigurationName = Release;
		};
/* End XCConfigurationList section */

/* Begin XCVersionGroup section */
		E749361C28565D2700B8DEE7 /* MVVM_2.xcdatamodeld */ = {
			isa = XCVersionGroup;
			children = (
				E749361D28565D2700B8DEE7 /* MVVM_2.xcdatamodel */,
			);
			currentVersion = E749361D28565D2700B8DEE7 /* MVVM_2.xcdatamodel */;
			path = MVVM_2.xcdatamodeld;
			sourceTree = "<group>";
			versionGroupType = wrapper.xcdatamodel;
		};
/* End XCVersionGroup section */
	};
	rootObject = E749360828565D2700B8DEE7 /* Project object */;
}
